// !$*UTF8*$!
{
	archiveVersion = 1;
	classes = {
	};
	objectVersion = 46;
	objects = {

/* Begin PBXBuildFile section */
		00A79A7915DC7916006D5BE7 /* CRTestView.m in Sources */ = {isa = PBXBuildFile; fileRef = 00A79A7815DC7916006D5BE7 /* CRTestView.m */; };
		00A79A7B15DC81BE006D5BE7 /* MediaPlayer.framework in Frameworks */ = {isa = PBXBuildFile; fileRef = 00A79A7A15DC81BE006D5BE7 /* MediaPlayer.framework */; };
		00A79AE915DDA968006D5BE7 /* CRMoviePlayerView.m in Sources */ = {isa = PBXBuildFile; fileRef = 00A79AE815DDA968006D5BE7 /* CRMoviePlayerView.m */; };
		00A79AEC15DDC303006D5BE7 /* CRRecordable.m in Sources */ = {isa = PBXBuildFile; fileRef = 00A79AEB15DDC303006D5BE7 /* CRRecordable.m */; };
		00A79AEF15DDFB70006D5BE7 /* CRUIViewRecorder.m in Sources */ = {isa = PBXBuildFile; fileRef = 00A79AEE15DDFB70006D5BE7 /* CRUIViewRecorder.m */; };
		00A79B0315DDFCA4006D5BE7 /* CRScreenRecorder.m in Sources */ = {isa = PBXBuildFile; fileRef = 00A79B0215DDFCA4006D5BE7 /* CRScreenRecorder.m */; };
		00A79B0A15DE12A2006D5BE7 /* test2.png in Resources */ = {isa = PBXBuildFile; fileRef = 00A79B0915DE12A2006D5BE7 /* test2.png */; };
		00D94C5215DA038C008FDF75 /* UIKit.framework in Frameworks */ = {isa = PBXBuildFile; fileRef = 00D94C5115DA038C008FDF75 /* UIKit.framework */; };
		00D94C5415DA038C008FDF75 /* Foundation.framework in Frameworks */ = {isa = PBXBuildFile; fileRef = 00D94C5315DA038C008FDF75 /* Foundation.framework */; };
		00D94C5615DA038C008FDF75 /* CoreGraphics.framework in Frameworks */ = {isa = PBXBuildFile; fileRef = 00D94C5515DA038C008FDF75 /* CoreGraphics.framework */; };
		00D94C5C15DA038C008FDF75 /* InfoPlist.strings in Resources */ = {isa = PBXBuildFile; fileRef = 00D94C5A15DA038C008FDF75 /* InfoPlist.strings */; };
		00D94C5E15DA038C008FDF75 /* main.m in Sources */ = {isa = PBXBuildFile; fileRef = 00D94C5D15DA038C008FDF75 /* main.m */; };
		00D94C6215DA038C008FDF75 /* CRAppDelegate.m in Sources */ = {isa = PBXBuildFile; fileRef = 00D94C6115DA038C008FDF75 /* CRAppDelegate.m */; };
		00D94C6D15DA0958008FDF75 /* CRVideoRecorder.m in Sources */ = {isa = PBXBuildFile; fileRef = 00D94C6C15DA0958008FDF75 /* CRVideoRecorder.m */; };
		00D94C7015DA0987008FDF75 /* CRUserRecorder.m in Sources */ = {isa = PBXBuildFile; fileRef = 00D94C6F15DA0987008FDF75 /* CRUserRecorder.m */; };
		00D94CEE15DB1BED008FDF75 /* libYelpKit.a in Frameworks */ = {isa = PBXBuildFile; fileRef = 00D94CE815DB1AC3008FDF75 /* libYelpKit.a */; };
		00D94D5D15DC2353008FDF75 /* AVFoundation.framework in Frameworks */ = {isa = PBXBuildFile; fileRef = 00D94D5C15DC2353008FDF75 /* AVFoundation.framework */; };
		00D94D6015DC2369008FDF75 /* CoreMedia.framework in Frameworks */ = {isa = PBXBuildFile; fileRef = 00D94D5E15DC2369008FDF75 /* CoreMedia.framework */; };
		00D94D6115DC2369008FDF75 /* CoreVideo.framework in Frameworks */ = {isa = PBXBuildFile; fileRef = 00D94D5F15DC2369008FDF75 /* CoreVideo.framework */; };
		00D94D6315DC2379008FDF75 /* QuartzCore.framework in Frameworks */ = {isa = PBXBuildFile; fileRef = 00D94D6215DC2379008FDF75 /* QuartzCore.framework */; };
		00D94D6B15DC240B008FDF75 /* MapKit.framework in Frameworks */ = {isa = PBXBuildFile; fileRef = 00D94D6415DC238A008FDF75 /* MapKit.framework */; };
/* End PBXBuildFile section */

/* Begin PBXContainerItemProxy section */
		00D94CE715DB1AC3008FDF75 /* PBXContainerItemProxy */ = {
			isa = PBXContainerItemProxy;
			containerPortal = 00D94CDD15DB1AC3008FDF75 /* YelpKit.xcodeproj */;
			proxyType = 2;
			remoteGlobalIDString = 005592E8140B0085001E9C43;
			remoteInfo = YelpKit;
		};
		00D94CE915DB1AC3008FDF75 /* PBXContainerItemProxy */ = {
			isa = PBXContainerItemProxy;
			containerPortal = 00D94CDD15DB1AC3008FDF75 /* YelpKit.xcodeproj */;
			proxyType = 2;
			remoteGlobalIDString = 00DB563915BE198600E247FA;
			remoteInfo = YelpKitCatalog;
		};
		00D94CEC15DB1B90008FDF75 /* PBXContainerItemProxy */ = {
			isa = PBXContainerItemProxy;
			containerPortal = 00D94CDD15DB1AC3008FDF75 /* YelpKit.xcodeproj */;
			proxyType = 1;
			remoteGlobalIDString = 005592E7140B0085001E9C43;
			remoteInfo = YelpKit;
		};
/* End PBXContainerItemProxy section */

/* Begin PBXFileReference section */
		00A79A7715DC7916006D5BE7 /* CRTestView.h */ = {isa = PBXFileReference; fileEncoding = 4; lastKnownFileType = sourcecode.c.h; path = CRTestView.h; sourceTree = "<group>"; };
		00A79A7815DC7916006D5BE7 /* CRTestView.m */ = {isa = PBXFileReference; fileEncoding = 4; lastKnownFileType = sourcecode.c.objc; path = CRTestView.m; sourceTree = "<group>"; };
		00A79A7A15DC81BE006D5BE7 /* MediaPlayer.framework */ = {isa = PBXFileReference; lastKnownFileType = wrapper.framework; name = MediaPlayer.framework; path = System/Library/Frameworks/MediaPlayer.framework; sourceTree = SDKROOT; };
		00A79AE715DDA968006D5BE7 /* CRMoviePlayerView.h */ = {isa = PBXFileReference; fileEncoding = 4; lastKnownFileType = sourcecode.c.h; path = CRMoviePlayerView.h; sourceTree = "<group>"; };
		00A79AE815DDA968006D5BE7 /* CRMoviePlayerView.m */ = {isa = PBXFileReference; fileEncoding = 4; lastKnownFileType = sourcecode.c.objc; path = CRMoviePlayerView.m; sourceTree = "<group>"; };
		00A79AEA15DDC303006D5BE7 /* CRRecordable.h */ = {isa = PBXFileReference; fileEncoding = 4; lastKnownFileType = sourcecode.c.h; path = CRRecordable.h; sourceTree = "<group>"; };
		00A79AEB15DDC303006D5BE7 /* CRRecordable.m */ = {isa = PBXFileReference; fileEncoding = 4; lastKnownFileType = sourcecode.c.objc; path = CRRecordable.m; sourceTree = "<group>"; };
		00A79AED15DDFB70006D5BE7 /* CRUIViewRecorder.h */ = {isa = PBXFileReference; fileEncoding = 4; lastKnownFileType = sourcecode.c.h; path = CRUIViewRecorder.h; sourceTree = "<group>"; };
		00A79AEE15DDFB70006D5BE7 /* CRUIViewRecorder.m */ = {isa = PBXFileReference; fileEncoding = 4; lastKnownFileType = sourcecode.c.objc; path = CRUIViewRecorder.m; sourceTree = "<group>"; };
		00A79B0115DDFCA4006D5BE7 /* CRScreenRecorder.h */ = {isa = PBXFileReference; fileEncoding = 4; lastKnownFileType = sourcecode.c.h; path = CRScreenRecorder.h; sourceTree = "<group>"; };
		00A79B0215DDFCA4006D5BE7 /* CRScreenRecorder.m */ = {isa = PBXFileReference; fileEncoding = 4; lastKnownFileType = sourcecode.c.objc; path = CRScreenRecorder.m; sourceTree = "<group>"; };
		00A79B0915DE12A2006D5BE7 /* test2.png */ = {isa = PBXFileReference; lastKnownFileType = image.png; path = test2.png; sourceTree = "<group>"; };
		00D94C4D15DA038C008FDF75 /* Cap.app */ = {isa = PBXFileReference; explicitFileType = wrapper.application; includeInIndex = 0; path = Cap.app; sourceTree = BUILT_PRODUCTS_DIR; };
		00D94C5115DA038C008FDF75 /* UIKit.framework */ = {isa = PBXFileReference; lastKnownFileType = wrapper.framework; name = UIKit.framework; path = System/Library/Frameworks/UIKit.framework; sourceTree = SDKROOT; };
		00D94C5315DA038C008FDF75 /* Foundation.framework */ = {isa = PBXFileReference; lastKnownFileType = wrapper.framework; name = Foundation.framework; path = System/Library/Frameworks/Foundation.framework; sourceTree = SDKROOT; };
		00D94C5515DA038C008FDF75 /* CoreGraphics.framework */ = {isa = PBXFileReference; lastKnownFileType = wrapper.framework; name = CoreGraphics.framework; path = System/Library/Frameworks/CoreGraphics.framework; sourceTree = SDKROOT; };
		00D94C5915DA038C008FDF75 /* Cap-Info.plist */ = {isa = PBXFileReference; lastKnownFileType = text.plist.xml; path = "Cap-Info.plist"; sourceTree = "<group>"; };
		00D94C5B15DA038C008FDF75 /* en */ = {isa = PBXFileReference; lastKnownFileType = text.plist.strings; name = en; path = en.lproj/InfoPlist.strings; sourceTree = "<group>"; };
		00D94C5D15DA038C008FDF75 /* main.m */ = {isa = PBXFileReference; lastKnownFileType = sourcecode.c.objc; path = main.m; sourceTree = "<group>"; };
		00D94C5F15DA038C008FDF75 /* Cap-Prefix.pch */ = {isa = PBXFileReference; lastKnownFileType = sourcecode.c.h; path = "Cap-Prefix.pch"; sourceTree = "<group>"; };
		00D94C6015DA038C008FDF75 /* CRAppDelegate.h */ = {isa = PBXFileReference; lastKnownFileType = sourcecode.c.h; path = CRAppDelegate.h; sourceTree = "<group>"; };
		00D94C6115DA038C008FDF75 /* CRAppDelegate.m */ = {isa = PBXFileReference; lastKnownFileType = sourcecode.c.objc; path = CRAppDelegate.m; sourceTree = "<group>"; };
		00D94C6B15DA0958008FDF75 /* CRVideoRecorder.h */ = {isa = PBXFileReference; fileEncoding = 4; lastKnownFileType = sourcecode.c.h; path = CRVideoRecorder.h; sourceTree = "<group>"; };
		00D94C6C15DA0958008FDF75 /* CRVideoRecorder.m */ = {isa = PBXFileReference; fileEncoding = 4; lastKnownFileType = sourcecode.c.objc; path = CRVideoRecorder.m; sourceTree = "<group>"; };
		00D94C6E15DA0987008FDF75 /* CRUserRecorder.h */ = {isa = PBXFileReference; fileEncoding = 4; lastKnownFileType = sourcecode.c.h; path = CRUserRecorder.h; sourceTree = "<group>"; };
		00D94C6F15DA0987008FDF75 /* CRUserRecorder.m */ = {isa = PBXFileReference; fileEncoding = 4; lastKnownFileType = sourcecode.c.objc; path = CRUserRecorder.m; sourceTree = "<group>"; };
		00D94C7415DA0A5B008FDF75 /* CRDefines.h */ = {isa = PBXFileReference; fileEncoding = 4; lastKnownFileType = sourcecode.c.h; path = CRDefines.h; sourceTree = "<group>"; };
		00D94CDD15DB1AC3008FDF75 /* YelpKit.xcodeproj */ = {isa = PBXFileReference; lastKnownFileType = "wrapper.pb-project"; name = YelpKit.xcodeproj; path = YelpKit/YelpKit.xcodeproj; sourceTree = "<group>"; };
		00D94D5C15DC2353008FDF75 /* AVFoundation.framework */ = {isa = PBXFileReference; lastKnownFileType = wrapper.framework; name = AVFoundation.framework; path = System/Library/Frameworks/AVFoundation.framework; sourceTree = SDKROOT; };
		00D94D5E15DC2369008FDF75 /* CoreMedia.framework */ = {isa = PBXFileReference; lastKnownFileType = wrapper.framework; name = CoreMedia.framework; path = System/Library/Frameworks/CoreMedia.framework; sourceTree = SDKROOT; };
		00D94D5F15DC2369008FDF75 /* CoreVideo.framework */ = {isa = PBXFileReference; lastKnownFileType = wrapper.framework; name = CoreVideo.framework; path = System/Library/Frameworks/CoreVideo.framework; sourceTree = SDKROOT; };
		00D94D6215DC2379008FDF75 /* QuartzCore.framework */ = {isa = PBXFileReference; lastKnownFileType = wrapper.framework; name = QuartzCore.framework; path = System/Library/Frameworks/QuartzCore.framework; sourceTree = SDKROOT; };
		00D94D6415DC238A008FDF75 /* MapKit.framework */ = {isa = PBXFileReference; lastKnownFileType = wrapper.framework; name = MapKit.framework; path = System/Library/Frameworks/MapKit.framework; sourceTree = SDKROOT; };
/* End PBXFileReference section */

/* Begin PBXFrameworksBuildPhase section */
		00D94C4A15DA038C008FDF75 /* Frameworks */ = {
			isa = PBXFrameworksBuildPhase;
			buildActionMask = 2147483647;
			files = (
				00A79A7B15DC81BE006D5BE7 /* MediaPlayer.framework in Frameworks */,
				00D94D6B15DC240B008FDF75 /* MapKit.framework in Frameworks */,
				00D94D6315DC2379008FDF75 /* QuartzCore.framework in Frameworks */,
				00D94D6015DC2369008FDF75 /* CoreMedia.framework in Frameworks */,
				00D94D6115DC2369008FDF75 /* CoreVideo.framework in Frameworks */,
				00D94D5D15DC2353008FDF75 /* AVFoundation.framework in Frameworks */,
				00D94CEE15DB1BED008FDF75 /* libYelpKit.a in Frameworks */,
				00D94C5215DA038C008FDF75 /* UIKit.framework in Frameworks */,
				00D94C5415DA038C008FDF75 /* Foundation.framework in Frameworks */,
				00D94C5615DA038C008FDF75 /* CoreGraphics.framework in Frameworks */,
			);
			runOnlyForDeploymentPostprocessing = 0;
		};
/* End PBXFrameworksBuildPhase section */

/* Begin PBXGroup section */
		00A79B0715DE12A2006D5BE7 /* Resources */ = {
			isa = PBXGroup;
			children = (
				00A79B0815DE12A2006D5BE7 /* Images */,
			);
			name = Resources;
			path = Cap/Resources;
			sourceTree = "<group>";
		};
		00A79B0815DE12A2006D5BE7 /* Images */ = {
			isa = PBXGroup;
			children = (
				00A79B0915DE12A2006D5BE7 /* test2.png */,
			);
			path = Images;
			sourceTree = "<group>";
		};
		00D94C4215DA038C008FDF75 = {
			isa = PBXGroup;
			children = (
				00D94C5715DA038C008FDF75 /* Cap */,
				00D94C5815DA038C008FDF75 /* Supporting Files */,
				00A79B0715DE12A2006D5BE7 /* Resources */,
				00D94CDD15DB1AC3008FDF75 /* YelpKit.xcodeproj */,
				00D94C5015DA038C008FDF75 /* Frameworks */,
				00D94C4E15DA038C008FDF75 /* Products */,
			);
			sourceTree = "<group>";
		};
		00D94C4E15DA038C008FDF75 /* Products */ = {
			isa = PBXGroup;
			children = (
				00D94C4D15DA038C008FDF75 /* Cap.app */,
			);
			name = Products;
			sourceTree = "<group>";
		};
		00D94C5015DA038C008FDF75 /* Frameworks */ = {
			isa = PBXGroup;
			children = (
				00A79A7A15DC81BE006D5BE7 /* MediaPlayer.framework */,
				00D94D6415DC238A008FDF75 /* MapKit.framework */,
				00D94D6215DC2379008FDF75 /* QuartzCore.framework */,
				00D94D5E15DC2369008FDF75 /* CoreMedia.framework */,
				00D94D5F15DC2369008FDF75 /* CoreVideo.framework */,
				00D94D5C15DC2353008FDF75 /* AVFoundation.framework */,
				00D94C5115DA038C008FDF75 /* UIKit.framework */,
				00D94C5315DA038C008FDF75 /* Foundation.framework */,
				00D94C5515DA038C008FDF75 /* CoreGraphics.framework */,
			);
			name = Frameworks;
			sourceTree = "<group>";
		};
		00D94C5715DA038C008FDF75 /* Cap */ = {
			isa = PBXGroup;
			children = (
				00D94C6015DA038C008FDF75 /* CRAppDelegate.h */,
				00D94C6115DA038C008FDF75 /* CRAppDelegate.m */,
				00D94C6B15DA0958008FDF75 /* CRVideoRecorder.h */,
				00D94C6C15DA0958008FDF75 /* CRVideoRecorder.m */,
				00D94C7415DA0A5B008FDF75 /* CRDefines.h */,
				00A79A7715DC7916006D5BE7 /* CRTestView.h */,
				00A79A7815DC7916006D5BE7 /* CRTestView.m */,
				00A79AE715DDA968006D5BE7 /* CRMoviePlayerView.h */,
				00A79AE815DDA968006D5BE7 /* CRMoviePlayerView.m */,
				00A79AEA15DDC303006D5BE7 /* CRRecordable.h */,
				00A79AEB15DDC303006D5BE7 /* CRRecordable.m */,
				00A79AED15DDFB70006D5BE7 /* CRUIViewRecorder.h */,
				00A79AEE15DDFB70006D5BE7 /* CRUIViewRecorder.m */,
				00A79B0115DDFCA4006D5BE7 /* CRScreenRecorder.h */,
				00A79B0215DDFCA4006D5BE7 /* CRScreenRecorder.m */,
				00D94C6E15DA0987008FDF75 /* CRUserRecorder.h */,
				00D94C6F15DA0987008FDF75 /* CRUserRecorder.m */,
			);
			path = Cap;
			sourceTree = "<group>";
		};
		00D94C5815DA038C008FDF75 /* Supporting Files */ = {
			isa = PBXGroup;
			children = (
				00D94C5915DA038C008FDF75 /* Cap-Info.plist */,
				00D94C5A15DA038C008FDF75 /* InfoPlist.strings */,
				00D94C5D15DA038C008FDF75 /* main.m */,
				00D94C5F15DA038C008FDF75 /* Cap-Prefix.pch */,
			);
			name = "Supporting Files";
			path = Cap;
			sourceTree = "<group>";
		};
		00D94CDE15DB1AC3008FDF75 /* Products */ = {
			isa = PBXGroup;
			children = (
				00D94CE815DB1AC3008FDF75 /* libYelpKit.a */,
				00D94CEA15DB1AC3008FDF75 /* YelpKitCatalog.app */,
			);
			name = Products;
			sourceTree = "<group>";
		};
/* End PBXGroup section */

/* Begin PBXNativeTarget section */
		00D94C4C15DA038C008FDF75 /* Cap */ = {
			isa = PBXNativeTarget;
			buildConfigurationList = 00D94C6515DA038C008FDF75 /* Build configuration list for PBXNativeTarget "Cap" */;
			buildPhases = (
				00D94C4915DA038C008FDF75 /* Sources */,
				00D94C4A15DA038C008FDF75 /* Frameworks */,
				00D94C4B15DA038C008FDF75 /* Resources */,
			);
			buildRules = (
			);
			dependencies = (
				00D94CED15DB1B90008FDF75 /* PBXTargetDependency */,
			);
			name = Cap;
			productName = Cap;
			productReference = 00D94C4D15DA038C008FDF75 /* Cap.app */;
			productType = "com.apple.product-type.application";
		};
/* End PBXNativeTarget section */

/* Begin PBXProject section */
		00D94C4415DA038C008FDF75 /* Project object */ = {
			isa = PBXProject;
			attributes = {
				CLASSPREFIX = CR;
				LastUpgradeCheck = 0440;
				ORGANIZATIONNAME = "Gabriel Handford";
			};
			buildConfigurationList = 00D94C4715DA038C008FDF75 /* Build configuration list for PBXProject "Cap" */;
			compatibilityVersion = "Xcode 3.2";
			developmentRegion = English;
			hasScannedForEncodings = 0;
			knownRegions = (
				en,
			);
			mainGroup = 00D94C4215DA038C008FDF75;
			productRefGroup = 00D94C4E15DA038C008FDF75 /* Products */;
			projectDirPath = "";
			projectReferences = (
				{
					ProductGroup = 00D94CDE15DB1AC3008FDF75 /* Products */;
					ProjectRef = 00D94CDD15DB1AC3008FDF75 /* YelpKit.xcodeproj */;
				},
			);
			projectRoot = "";
			targets = (
				00D94C4C15DA038C008FDF75 /* Cap */,
			);
		};
/* End PBXProject section */

/* Begin PBXReferenceProxy section */
		00D94CE815DB1AC3008FDF75 /* libYelpKit.a */ = {
			isa = PBXReferenceProxy;
			fileType = archive.ar;
			path = libYelpKit.a;
			remoteRef = 00D94CE715DB1AC3008FDF75 /* PBXContainerItemProxy */;
			sourceTree = BUILT_PRODUCTS_DIR;
		};
		00D94CEA15DB1AC3008FDF75 /* YelpKitCatalog.app */ = {
			isa = PBXReferenceProxy;
			fileType = wrapper.application;
			path = YelpKitCatalog.app;
			remoteRef = 00D94CE915DB1AC3008FDF75 /* PBXContainerItemProxy */;
			sourceTree = BUILT_PRODUCTS_DIR;
		};
/* End PBXReferenceProxy section */

/* Begin PBXResourcesBuildPhase section */
		00D94C4B15DA038C008FDF75 /* Resources */ = {
			isa = PBXResourcesBuildPhase;
			buildActionMask = 2147483647;
			files = (
				00D94C5C15DA038C008FDF75 /* InfoPlist.strings in Resources */,
				00A79B0A15DE12A2006D5BE7 /* test2.png in Resources */,
			);
			runOnlyForDeploymentPostprocessing = 0;
		};
/* End PBXResourcesBuildPhase section */

/* Begin PBXSourcesBuildPhase section */
		00D94C4915DA038C008FDF75 /* Sources */ = {
			isa = PBXSourcesBuildPhase;
			buildActionMask = 2147483647;
			files = (
				00D94C5E15DA038C008FDF75 /* main.m in Sources */,
				00D94C6215DA038C008FDF75 /* CRAppDelegate.m in Sources */,
				00D94C6D15DA0958008FDF75 /* CRVideoRecorder.m in Sources */,
				00D94C7015DA0987008FDF75 /* CRUserRecorder.m in Sources */,
				00A79A7915DC7916006D5BE7 /* CRTestView.m in Sources */,
				00A79AE915DDA968006D5BE7 /* CRMoviePlayerView.m in Sources */,
				00A79AEC15DDC303006D5BE7 /* CRRecordable.m in Sources */,
				00A79AEF15DDFB70006D5BE7 /* CRUIViewRecorder.m in Sources */,
				00A79B0315DDFCA4006D5BE7 /* CRScreenRecorder.m in Sources */,
			);
			runOnlyForDeploymentPostprocessing = 0;
		};
/* End PBXSourcesBuildPhase section */

/* Begin PBXTargetDependency section */
		00D94CED15DB1B90008FDF75 /* PBXTargetDependency */ = {
			isa = PBXTargetDependency;
			name = YelpKit;
			targetProxy = 00D94CEC15DB1B90008FDF75 /* PBXContainerItemProxy */;
		};
/* End PBXTargetDependency section */

/* Begin PBXVariantGroup section */
		00D94C5A15DA038C008FDF75 /* InfoPlist.strings */ = {
			isa = PBXVariantGroup;
			children = (
				00D94C5B15DA038C008FDF75 /* en */,
			);
			name = InfoPlist.strings;
			sourceTree = "<group>";
		};
/* End PBXVariantGroup section */

/* Begin XCBuildConfiguration section */
		00D94C6315DA038C008FDF75 /* Debug */ = {
			isa = XCBuildConfiguration;
			buildSettings = {
				ALWAYS_SEARCH_USER_PATHS = NO;
				ARCHS = "$(ARCHS_STANDARD_32_BIT)";
				CLANG_CXX_LANGUAGE_STANDARD = "gnu++0x";
				CLANG_WARN__DUPLICATE_METHOD_MATCH = YES;
				"CODE_SIGN_IDENTITY[sdk=iphoneos*]" = "iPhone Developer";
				COPY_PHASE_STRIP = NO;
				GCC_C_LANGUAGE_STANDARD = gnu99;
				GCC_DYNAMIC_NO_PIC = NO;
				GCC_OPTIMIZATION_LEVEL = 0;
				GCC_PREPROCESSOR_DEFINITIONS = (
					"DEBUG=1",
					"$(inherited)",
				);
				GCC_SYMBOLS_PRIVATE_EXTERN = NO;
				GCC_VERSION = com.apple.compilers.llvm.clang.1_0;
				GCC_WARN_ABOUT_RETURN_TYPE = YES;
				GCC_WARN_UNINITIALIZED_AUTOS = YES;
				GCC_WARN_UNUSED_VARIABLE = YES;
				HEADER_SEARCH_PATHS = "\"$(BUILT_PRODUCTS_DIR)/../../Headers\"";
				IPHONEOS_DEPLOYMENT_TARGET = 5.1;
				OTHER_LDFLAGS = (
					"-all_load",
					"-ObjC",
				);
				SDKROOT = iphoneos;
				TARGETED_DEVICE_FAMILY = "1,2";
			};
			name = Debug;
		};
		00D94C6415DA038C008FDF75 /* Release */ = {
			isa = XCBuildConfiguration;
			buildSettings = {
				ALWAYS_SEARCH_USER_PATHS = NO;
				ARCHS = "$(ARCHS_STANDARD_32_BIT)";
				CLANG_CXX_LANGUAGE_STANDARD = "gnu++0x";
				CLANG_WARN__DUPLICATE_METHOD_MATCH = YES;
				"CODE_SIGN_IDENTITY[sdk=iphoneos*]" = "iPhone Developer";
				COPY_PHASE_STRIP = YES;
				GCC_C_LANGUAGE_STANDARD = gnu99;
				GCC_VERSION = com.apple.compilers.llvm.clang.1_0;
				GCC_WARN_ABOUT_RETURN_TYPE = YES;
				GCC_WARN_UNINITIALIZED_AUTOS = YES;
				GCC_WARN_UNUSED_VARIABLE = YES;
				HEADER_SEARCH_PATHS = "\"$(BUILT_PRODUCTS_DIR)/../../Headers\"";
				IPHONEOS_DEPLOYMENT_TARGET = 5.1;
				OTHER_CFLAGS = "-DNS_BLOCK_ASSERTIONS=1";
				OTHER_LDFLAGS = (
					"-all_load",
					"-ObjC",
				);
				SDKROOT = iphoneos;
				TARGETED_DEVICE_FAMILY = "1,2";
				VALIDATE_PRODUCT = YES;
			};
			name = Release;
		};
		00D94C6615DA038C008FDF75 /* Debug */ = {
			isa = XCBuildConfiguration;
			buildSettings = {
				CLANG_ENABLE_OBJC_ARC = YES;
				GCC_PRECOMPILE_PREFIX_HEADER = YES;
				GCC_PREFIX_HEADER = "Cap/Cap-Prefix.pch";
				INFOPLIST_FILE = "Cap/Cap-Info.plist";
				PRODUCT_NAME = "$(TARGET_NAME)";
				WRAPPER_EXTENSION = app;
			};
			name = Debug;
		};
		00D94C6715DA038C008FDF75 /* Release */ = {
			isa = XCBuildConfiguration;
			buildSettings = {
				CLANG_ENABLE_OBJC_ARC = YES;
				GCC_PRECOMPILE_PREFIX_HEADER = YES;
				GCC_PREFIX_HEADER = "Cap/Cap-Prefix.pch";
				INFOPLIST_FILE = "Cap/Cap-Info.plist";
				PRODUCT_NAME = "$(TARGET_NAME)";
				WRAPPER_EXTENSION = app;
			};
			name = Release;
		};
/* End XCBuildConfiguration section */

/* Begin XCConfigurationList section */
		00D94C4715DA038C008FDF75 /* Build configuration list for PBXProject "Cap" */ = {
			isa = XCConfigurationList;
			buildConfigurations = (
				00D94C6315DA038C008FDF75 /* Debug */,
				00D94C6415DA038C008FDF75 /* Release */,
			);
			defaultConfigurationIsVisible = 0;
			defaultConfigurationName = Release;
		};
		00D94C6515DA038C008FDF75 /* Build configuration list for PBXNativeTarget "Cap" */ = {
			isa = XCConfigurationList;
			buildConfigurations = (
				00D94C6615DA038C008FDF75 /* Debug */,
				00D94C6715DA038C008FDF75 /* Release */,
			);
			defaultConfigurationIsVisible = 0;
			defaultConfigurationName = Release;
		};
/* End XCConfigurationList section */
	};
	rootObject = 00D94C4415DA038C008FDF75 /* Project object */;
}
